
Microsoft Visual Studio Solution File, Format Version 12.00
# Visual Studio 15
VisualStudioVersion = 15.0.27703.2042
MinimumVisualStudioVersion = 10.0.40219.1
Project("{FAE04EC0-301F-11D3-BF4B-00C04F79EFBC}") = "LocalizationHelper", "LocalizationHelper\LocalizationHelper.csproj", "{43B105C0-DB68-42BA-8C1B-D055BFA98C0E}"
EndProject
Global
	GlobalSection(SolutionConfigurationPlatforms) = preSolution
		Debug|Any CPU = Debug|Any CPU
		Release|Any CPU = Release|Any CPU
	EndGlobalSection
	GlobalSection(ProjectConfigurationPlatforms) = postSolution
		{43B105C0-DB68-42BA-8C1B-D055BFA98C0E}.Debug|Any CPU.ActiveCfg = Debug|Any CPU
		{43B105C0-DB68-42BA-8C1B-D055BFA98C0E}.Debug|Any CPU.Build.0 = Debug|Any CPU
		{43B105C0-DB68-42BA-8C1B-D055BFA98C0E}.Release|Any CPU.ActiveCfg = Release|Any CPU
		{43B105C0-DB68-42BA-8C1B-D055BFA98C0E}.Release|Any CPU.Build.0 = Release|Any CPU
	EndGlobalSection
	GlobalSection(SolutionProperties) = preSolution
		HideSolutionNode = FALSE
	EndGlobalSection
	GlobalSection(ExtensibilityGlobals) = postSolution
		SolutionGuid = {F812D3D4-8120-44DB-B69F-078DEBD3D394}
	EndGlobalSection
EndGlobal
